// !$*UTF8*$!
{
	archiveVersion = 1;
	classes = {
	};
	objectVersion = 48;
	objects = {

/* Begin PBXBuildFile section */
		84444550200EF461006D4B73 /* AppDelegate.swift in Sources */ = {isa = PBXBuildFile; fileRef = 8444454F200EF461006D4B73 /* AppDelegate.swift */; };
		84444552200EF461006D4B73 /* ViewController.swift in Sources */ = {isa = PBXBuildFile; fileRef = 84444551200EF461006D4B73 /* ViewController.swift */; };
		84444555200EF461006D4B73 /* Main.storyboard in Resources */ = {isa = PBXBuildFile; fileRef = 84444553200EF461006D4B73 /* Main.storyboard */; };
		84444557200EF461006D4B73 /* Assets.xcassets in Resources */ = {isa = PBXBuildFile; fileRef = 84444556200EF461006D4B73 /* Assets.xcassets */; };
		8444455A200EF461006D4B73 /* LaunchScreen.storyboard in Resources */ = {isa = PBXBuildFile; fileRef = 84444558200EF461006D4B73 /* LaunchScreen.storyboard */; };
		84444562200EF5B1006D4B73 /* Register.storyboard in Resources */ = {isa = PBXBuildFile; fileRef = 84444561200EF5B1006D4B73 /* Register.storyboard */; };
		84444564200EFDB2006D4B73 /* RegisterViewController.swift in Sources */ = {isa = PBXBuildFile; fileRef = 84444563200EFDB2006D4B73 /* RegisterViewController.swift */; };
		84444566200EFF7B006D4B73 /* Helper.swift in Sources */ = {isa = PBXBuildFile; fileRef = 84444565200EFF7B006D4B73 /* Helper.swift */; };
		8444456A200F0B8D006D4B73 /* GoogleService-Info.plist in Resources */ = {isa = PBXBuildFile; fileRef = 84444569200F0B8D006D4B73 /* GoogleService-Info.plist */; };
		8444456C20100FA7006D4B73 /* LoginViewController.swift in Sources */ = {isa = PBXBuildFile; fileRef = 8444456B20100FA7006D4B73 /* LoginViewController.swift */; };
		8444456E20102B46006D4B73 /* AccountViewController.swift in Sources */ = {isa = PBXBuildFile; fileRef = 8444456D20102B46006D4B73 /* AccountViewController.swift */; };
		84444574201190D7006D4B73 /* User.swift in Sources */ = {isa = PBXBuildFile; fileRef = 84444573201190D7006D4B73 /* User.swift */; };
		8444457620128172006D4B73 /* Constants.swift in Sources */ = {isa = PBXBuildFile; fileRef = 8444457520128172006D4B73 /* Constants.swift */; };
		844445782012F77D006D4B73 /* Extensions.swift in Sources */ = {isa = PBXBuildFile; fileRef = 844445772012F77D006D4B73 /* Extensions.swift */; };
		E908B41D4185066E9001B97B /* Pods_Classy.framework in Frameworks */ = {isa = PBXBuildFile; fileRef = C787A89848B2B672BFA782D0 /* Pods_Classy.framework */; };
/* End PBXBuildFile section */

/* Begin PBXFileReference section */
		56D9400DAD848174E11BB088 /* Pods-Classy.debug.xcconfig */ = {isa = PBXFileReference; includeInIndex = 1; lastKnownFileType = text.xcconfig; name = "Pods-Classy.debug.xcconfig"; path = "Pods/Target Support Files/Pods-Classy/Pods-Classy.debug.xcconfig"; sourceTree = "<group>"; };
		8444454C200EF461006D4B73 /* Classy.app */ = {isa = PBXFileReference; explicitFileType = wrapper.application; includeInIndex = 0; path = Classy.app; sourceTree = BUILT_PRODUCTS_DIR; };
		8444454F200EF461006D4B73 /* AppDelegate.swift */ = {isa = PBXFileReference; lastKnownFileType = sourcecode.swift; path = AppDelegate.swift; sourceTree = "<group>"; };
		84444551200EF461006D4B73 /* ViewController.swift */ = {isa = PBXFileReference; lastKnownFileType = sourcecode.swift; path = ViewController.swift; sourceTree = "<group>"; };
		84444554200EF461006D4B73 /* Base */ = {isa = PBXFileReference; lastKnownFileType = file.storyboard; name = Base; path = Base.lproj/Main.storyboard; sourceTree = "<group>"; };
		84444556200EF461006D4B73 /* Assets.xcassets */ = {isa = PBXFileReference; lastKnownFileType = folder.assetcatalog; path = Assets.xcassets; sourceTree = "<group>"; };
		84444559200EF461006D4B73 /* Base */ = {isa = PBXFileReference; lastKnownFileType = file.storyboard; name = Base; path = Base.lproj/LaunchScreen.storyboard; sourceTree = "<group>"; };
		8444455B200EF461006D4B73 /* Info.plist */ = {isa = PBXFileReference; lastKnownFileType = text.plist.xml; path = Info.plist; sourceTree = "<group>"; };
		84444561200EF5B1006D4B73 /* Register.storyboard */ = {isa = PBXFileReference; lastKnownFileType = file.storyboard; path = Register.storyboard; sourceTree = "<group>"; };
		84444563200EFDB2006D4B73 /* RegisterViewController.swift */ = {isa = PBXFileReference; lastKnownFileType = sourcecode.swift; path = RegisterViewController.swift; sourceTree = "<group>"; };
		84444565200EFF7B006D4B73 /* Helper.swift */ = {isa = PBXFileReference; lastKnownFileType = sourcecode.swift; path = Helper.swift; sourceTree = "<group>"; };
		84444569200F0B8D006D4B73 /* GoogleService-Info.plist */ = {isa = PBXFileReference; fileEncoding = 4; lastKnownFileType = text.plist.xml; path = "GoogleService-Info.plist"; sourceTree = "<group>"; };
		8444456B20100FA7006D4B73 /* LoginViewController.swift */ = {isa = PBXFileReference; lastKnownFileType = sourcecode.swift; path = LoginViewController.swift; sourceTree = "<group>"; };
		8444456D20102B46006D4B73 /* AccountViewController.swift */ = {isa = PBXFileReference; lastKnownFileType = sourcecode.swift; path = AccountViewController.swift; sourceTree = "<group>"; };
		84444573201190D7006D4B73 /* User.swift */ = {isa = PBXFileReference; lastKnownFileType = sourcecode.swift; path = User.swift; sourceTree = "<group>"; };
		8444457520128172006D4B73 /* Constants.swift */ = {isa = PBXFileReference; lastKnownFileType = sourcecode.swift; path = Constants.swift; sourceTree = "<group>"; };
		844445772012F77D006D4B73 /* Extensions.swift */ = {isa = PBXFileReference; lastKnownFileType = sourcecode.swift; path = Extensions.swift; sourceTree = "<group>"; };
		C787A89848B2B672BFA782D0 /* Pods_Classy.framework */ = {isa = PBXFileReference; explicitFileType = wrapper.framework; includeInIndex = 0; path = Pods_Classy.framework; sourceTree = BUILT_PRODUCTS_DIR; };
		EF14400426ACF13AAC306E2F /* Pods-Classy.release.xcconfig */ = {isa = PBXFileReference; includeInIndex = 1; lastKnownFileType = text.xcconfig; name = "Pods-Classy.release.xcconfig"; path = "Pods/Target Support Files/Pods-Classy/Pods-Classy.release.xcconfig"; sourceTree = "<group>"; };
/* End PBXFileReference section */

/* Begin PBXFrameworksBuildPhase section */
		84444549200EF461006D4B73 /* Frameworks */ = {
			isa = PBXFrameworksBuildPhase;
			buildActionMask = 2147483647;
			files = (
				E908B41D4185066E9001B97B /* Pods_Classy.framework in Frameworks */,
			);
			runOnlyForDeploymentPostprocessing = 0;
		};
/* End PBXFrameworksBuildPhase section */

/* Begin PBXGroup section */
		05D820753115D819541586F2 /* Pods */ = {
			isa = PBXGroup;
			children = (
				56D9400DAD848174E11BB088 /* Pods-Classy.debug.xcconfig */,
				EF14400426ACF13AAC306E2F /* Pods-Classy.release.xcconfig */,
			);
			name = Pods;
			sourceTree = "<group>";
		};
		15FA7E482217379BC37FB6AA /* Frameworks */ = {
			isa = PBXGroup;
			children = (
				C787A89848B2B672BFA782D0 /* Pods_Classy.framework */,
			);
			name = Frameworks;
			sourceTree = "<group>";
		};
		84444543200EF461006D4B73 = {
			isa = PBXGroup;
			children = (
				8444454E200EF461006D4B73 /* Classy */,
				8444454D200EF461006D4B73 /* Products */,
				05D820753115D819541586F2 /* Pods */,
				15FA7E482217379BC37FB6AA /* Frameworks */,
			);
			sourceTree = "<group>";
		};
		8444454D200EF461006D4B73 /* Products */ = {
			isa = PBXGroup;
			children = (
				8444454C200EF461006D4B73 /* Classy.app */,
			);
			name = Products;
			sourceTree = "<group>";
		};
		8444454E200EF461006D4B73 /* Classy */ = {
			isa = PBXGroup;
			children = (
				8444454F200EF461006D4B73 /* AppDelegate.swift */,
				8444457020102B9E006D4B73 /* Central */,
				8444456F20102B5A006D4B73 /* Register_Login */,
				84444556200EF461006D4B73 /* Assets.xcassets */,
				84444558200EF461006D4B73 /* LaunchScreen.storyboard */,
				8444455B200EF461006D4B73 /* Info.plist */,
				84444569200F0B8D006D4B73 /* GoogleService-Info.plist */,
				84444565200EFF7B006D4B73 /* Helper.swift */,
				8444457520128172006D4B73 /* Constants.swift */,
				844445772012F77D006D4B73 /* Extensions.swift */,
			);
			path = Classy;
			sourceTree = "<group>";
		};
		8444456F20102B5A006D4B73 /* Register_Login */ = {
			isa = PBXGroup;
			children = (
				84444561200EF5B1006D4B73 /* Register.storyboard */,
				8444456B20100FA7006D4B73 /* LoginViewController.swift */,
				84444563200EFDB2006D4B73 /* RegisterViewController.swift */,
			);
			path = Register_Login;
			sourceTree = "<group>";
		};
		8444457020102B9E006D4B73 /* Central */ = {
			isa = PBXGroup;
			children = (
				84444551200EF461006D4B73 /* ViewController.swift */,
				8444456D20102B46006D4B73 /* AccountViewController.swift */,
				84444573201190D7006D4B73 /* User.swift */,
				84444553200EF461006D4B73 /* Main.storyboard */,
			);
			path = Central;
			sourceTree = "<group>";
		};
/* End PBXGroup section */

/* Begin PBXNativeTarget section */
		8444454B200EF461006D4B73 /* Classy */ = {
			isa = PBXNativeTarget;
			buildConfigurationList = 8444455E200EF461006D4B73 /* Build configuration list for PBXNativeTarget "Classy" */;
			buildPhases = (
				3F06A654169AC337F2825EF4 /* [CP] Check Pods Manifest.lock */,
				84444548200EF461006D4B73 /* Sources */,
				84444549200EF461006D4B73 /* Frameworks */,
				8444454A200EF461006D4B73 /* Resources */,
				EEE9B89FD284F18DB828CB25 /* [CP] Embed Pods Frameworks */,
				8759A1EBAFC6367042D70CCC /* [CP] Copy Pods Resources */,
			);
			buildRules = (
			);
			dependencies = (
			);
			name = Classy;
			productName = Classy;
			productReference = 8444454C200EF461006D4B73 /* Classy.app */;
			productType = "com.apple.product-type.application";
		};
/* End PBXNativeTarget section */

/* Begin PBXProject section */
		84444544200EF461006D4B73 /* Project object */ = {
			isa = PBXProject;
			attributes = {
				LastSwiftUpdateCheck = 0920;
				LastUpgradeCheck = 0920;
				ORGANIZATIONNAME = kimboss;
				TargetAttributes = {
					8444454B200EF461006D4B73 = {
						CreatedOnToolsVersion = 9.2;
						ProvisioningStyle = Automatic;
					};
				};
			};
			buildConfigurationList = 84444547200EF461006D4B73 /* Build configuration list for PBXProject "Classy" */;
			compatibilityVersion = "Xcode 8.0";
			developmentRegion = en;
			hasScannedForEncodings = 0;
			knownRegions = (
				en,
				Base,
			);
			mainGroup = 84444543200EF461006D4B73;
			productRefGroup = 8444454D200EF461006D4B73 /* Products */;
			projectDirPath = "";
			projectRoot = "";
			targets = (
				8444454B200EF461006D4B73 /* Classy */,
			);
		};
/* End PBXProject section */

/* Begin PBXResourcesBuildPhase section */
		8444454A200EF461006D4B73 /* Resources */ = {
			isa = PBXResourcesBuildPhase;
			buildActionMask = 2147483647;
			files = (
				8444455A200EF461006D4B73 /* LaunchScreen.storyboard in Resources */,
				84444557200EF461006D4B73 /* Assets.xcassets in Resources */,
				8444456A200F0B8D006D4B73 /* GoogleService-Info.plist in Resources */,
				84444555200EF461006D4B73 /* Main.storyboard in Resources */,
				84444562200EF5B1006D4B73 /* Register.storyboard in Resources */,
			);
			runOnlyForDeploymentPostprocessing = 0;
		};
/* End PBXResourcesBuildPhase section */

/* Begin PBXShellScriptBuildPhase section */
		3F06A654169AC337F2825EF4 /* [CP] Check Pods Manifest.lock */ = {
			isa = PBXShellScriptBuildPhase;
			buildActionMask = 2147483647;
			files = (
			);
			inputPaths = (
				"${PODS_PODFILE_DIR_PATH}/Podfile.lock",
				"${PODS_ROOT}/Manifest.lock",
			);
			name = "[CP] Check Pods Manifest.lock";
			outputPaths = (
				"$(DERIVED_FILE_DIR)/Pods-Classy-checkManifestLockResult.txt",
			);
			runOnlyForDeploymentPostprocessing = 0;
			shellPath = /bin/sh;
			shellScript = "diff \"${PODS_PODFILE_DIR_PATH}/Podfile.lock\" \"${PODS_ROOT}/Manifest.lock\" > /dev/null\nif [ $? != 0 ] ; then\n    # print error to STDERR\n    echo \"error: The sandbox is not in sync with the Podfile.lock. Run 'pod install' or update your CocoaPods installation.\" >&2\n    exit 1\nfi\n# This output is used by Xcode 'outputs' to avoid re-running this script phase.\necho \"SUCCESS\" > \"${SCRIPT_OUTPUT_FILE_0}\"\n";
			showEnvVarsInLog = 0;
		};
		8759A1EBAFC6367042D70CCC /* [CP] Copy Pods Resources */ = {
			isa = PBXShellScriptBuildPhase;
			buildActionMask = 2147483647;
			files = (
			);
			inputPaths = (
			);
			name = "[CP] Copy Pods Resources";
			outputPaths = (
			);
			runOnlyForDeploymentPostprocessing = 0;
			shellPath = /bin/sh;
			shellScript = "\"${SRCROOT}/Pods/Target Support Files/Pods-Classy/Pods-Classy-resources.sh\"\n";
			showEnvVarsInLog = 0;
		};
		EEE9B89FD284F18DB828CB25 /* [CP] Embed Pods Frameworks */ = {
			isa = PBXShellScriptBuildPhase;
			buildActionMask = 2147483647;
			files = (
			);
			inputPaths = (
				"${SRCROOT}/Pods/Target Support Files/Pods-Classy/Pods-Classy-frameworks.sh",
				"${BUILT_PRODUCTS_DIR}/GTMSessionFetcher/GTMSessionFetcher.framework",
				"${BUILT_PRODUCTS_DIR}/GoogleToolboxForMac/GoogleToolboxForMac.framework",
				"${BUILT_PRODUCTS_DIR}/leveldb-library/leveldb.framework",
				"${BUILT_PRODUCTS_DIR}/nanopb/nanopb.framework",
			);
			name = "[CP] Embed Pods Frameworks";
			outputPaths = (
				"${TARGET_BUILD_DIR}/${FRAMEWORKS_FOLDER_PATH}/GTMSessionFetcher.framework",
				"${TARGET_BUILD_DIR}/${FRAMEWORKS_FOLDER_PATH}/GoogleToolboxForMac.framework",
				"${TARGET_BUILD_DIR}/${FRAMEWORKS_FOLDER_PATH}/leveldb.framework",
				"${TARGET_BUILD_DIR}/${FRAMEWORKS_FOLDER_PATH}/nanopb.framework",
			);
			runOnlyForDeploymentPostprocessing = 0;
			shellPath = /bin/sh;
			shellScript = "\"${SRCROOT}/Pods/Target Support Files/Pods-Classy/Pods-Classy-frameworks.sh\"\n";
			showEnvVarsInLog = 0;
		};
/* End PBXShellScriptBuildPhase section */

/* Begin PBXSourcesBuildPhase section */
		84444548200EF461006D4B73 /* Sources */ = {
			isa = PBXSourcesBuildPhase;
			buildActionMask = 2147483647;
			files = (
				84444564200EFDB2006D4B73 /* RegisterViewController.swift in Sources */,
				844445782012F77D006D4B73 /* Extensions.swift in Sources */,
				84444552200EF461006D4B73 /* ViewController.swift in Sources */,
				8444456E20102B46006D4B73 /* AccountViewController.swift in Sources */,
				84444550200EF461006D4B73 /* AppDelegate.swift in Sources */,
				8444456C20100FA7006D4B73 /* LoginViewController.swift in Sources */,
				84444566200EFF7B006D4B73 /* Helper.swift in Sources */,
				84444574201190D7006D4B73 /* User.swift in Sources */,
				8444457620128172006D4B73 /* Constants.swift in Sources */,
			);
			runOnlyForDeploymentPostprocessing = 0;
		};
/* End PBXSourcesBuildPhase section */

/* Begin PBXVariantGroup section */
		84444553200EF461006D4B73 /* Main.storyboard */ = {
			isa = PBXVariantGroup;
			children = (
				84444554200EF461006D4B73 /* Base */,
			);
			name = Main.storyboard;
			sourceTree = "<group>";
		};
		84444558200EF461006D4B73 /* LaunchScreen.storyboard */ = {
			isa = PBXVariantGroup;
			children = (
				84444559200EF461006D4B73 /* Base */,
			);
			name = LaunchScreen.storyboard;
			sourceTree = "<group>";
		};
/* End PBXVariantGroup section */

/* Begin XCBuildConfiguration section */
		8444455C200EF461006D4B73 /* Debug */ = {
			isa = XCBuildConfiguration;
			buildSettings = {
				ALWAYS_SEARCH_USER_PATHS = NO;
				CLANG_ANALYZER_NONNULL = YES;
				CLANG_ANALYZER_NUMBER_OBJECT_CONVERSION = YES_AGGRESSIVE;
				CLANG_CXX_LANGUAGE_STANDARD = "gnu++14";
				CLANG_CXX_LIBRARY = "libc++";
				CLANG_ENABLE_MODULES = YES;
				CLANG_ENABLE_OBJC_ARC = YES;
				CLANG_WARN_BLOCK_CAPTURE_AUTORELEASING = YES;
				CLANG_WARN_BOOL_CONVERSION = YES;
				CLANG_WARN_COMMA = YES;
				CLANG_WARN_CONSTANT_CONVERSION = YES;
				CLANG_WARN_DIRECT_OBJC_ISA_USAGE = YES_ERROR;
				CLANG_WARN_DOCUMENTATION_COMMENTS = YES;
				CLANG_WARN_EMPTY_BODY = YES;
				CLANG_WARN_ENUM_CONVERSION = YES;
				CLANG_WARN_INFINITE_RECURSION = YES;
				CLANG_WARN_INT_CONVERSION = YES;
				CLANG_WARN_NON_LITERAL_NULL_CONVERSION = YES;
				CLANG_WARN_OBJC_LITERAL_CONVERSION = YES;
				CLANG_WARN_OBJC_ROOT_CLASS = YES_ERROR;
				CLANG_WARN_RANGE_LOOP_ANALYSIS = YES;
				CLANG_WARN_STRICT_PROTOTYPES = YES;
				CLANG_WARN_SUSPICIOUS_MOVE = YES;
				CLANG_WARN_UNGUARDED_AVAILABILITY = YES_AGGRESSIVE;
				CLANG_WARN_UNREACHABLE_CODE = YES;
				CLANG_WARN__DUPLICATE_METHOD_MATCH = YES;
				CODE_SIGN_IDENTITY = "iPhone Developer";
				COPY_PHASE_STRIP = NO;
				DEBUG_INFORMATION_FORMAT = dwarf;
				ENABLE_STRICT_OBJC_MSGSEND = YES;
				ENABLE_TESTABILITY = YES;
				GCC_C_LANGUAGE_STANDARD = gnu11;
				GCC_DYNAMIC_NO_PIC = NO;
				GCC_NO_COMMON_BLOCKS = YES;
				GCC_OPTIMIZATION_LEVEL = 0;
				GCC_PREPROCESSOR_DEFINITIONS = (
					"DEBUG=1",
					"$(inherited)",
				);
				GCC_WARN_64_TO_32_BIT_CONVERSION = YES;
				GCC_WARN_ABOUT_RETURN_TYPE = YES_ERROR;
				GCC_WARN_UNDECLARED_SELECTOR = YES;
				GCC_WARN_UNINITIALIZED_AUTOS = YES_AGGRESSIVE;
				GCC_WARN_UNUSED_FUNCTION = YES;
				GCC_WARN_UNUSED_VARIABLE = YES;
				IPHONEOS_DEPLOYMENT_TARGET = 11.2;
				MTL_ENABLE_DEBUG_INFO = YES;
				ONLY_ACTIVE_ARCH = YES;
				SDKROOT = iphoneos;
				SWIFT_ACTIVE_COMPILATION_CONDITIONS = DEBUG;
				SWIFT_OPTIMIZATION_LEVEL = "-Onone";
			};
			name = Debug;
		};
		8444455D200EF461006D4B73 /* Release */ = {
			isa = XCBuildConfiguration;
			buildSettings = {
				ALWAYS_SEARCH_USER_PATHS = NO;
				CLANG_ANALYZER_NONNULL = YES;
				CLANG_ANALYZER_NUMBER_OBJECT_CONVERSION = YES_AGGRESSIVE;
				CLANG_CXX_LANGUAGE_STANDARD = "gnu++14";
				CLANG_CXX_LIBRARY = "libc++";
				CLANG_ENABLE_MODULES = YES;
				CLANG_ENABLE_OBJC_ARC = YES;
				CLANG_WARN_BLOCK_CAPTURE_AUTORELEASING = YES;
				CLANG_WARN_BOOL_CONVERSION = YES;
				CLANG_WARN_COMMA = YES;
				CLANG_WARN_CONSTANT_CONVERSION = YES;
				CLANG_WARN_DIRECT_OBJC_ISA_USAGE = YES_ERROR;
				CLANG_WARN_DOCUMENTATION_COMMENTS = YES;
				CLANG_WARN_EMPTY_BODY = YES;
				CLANG_WARN_ENUM_CONVERSION = YES;
				CLANG_WARN_INFINITE_RECURSION = YES;
				CLANG_WARN_INT_CONVERSION = YES;
				CLANG_WARN_NON_LITERAL_NULL_CONVERSION = YES;
				CLANG_WARN_OBJC_LITERAL_CONVERSION = YES;
				CLANG_WARN_OBJC_ROOT_CLASS = YES_ERROR;
				CLANG_WARN_RANGE_LOOP_ANALYSIS = YES;
				CLANG_WARN_STRICT_PROTOTYPES = YES;
				CLANG_WARN_SUSPICIOUS_MOVE = YES;
				CLANG_WARN_UNGUARDED_AVAILABILITY = YES_AGGRESSIVE;
				CLANG_WARN_UNREACHABLE_CODE = YES;
				CLANG_WARN__DUPLICATE_METHOD_MATCH = YES;
				CODE_SIGN_IDENTITY = "iPhone Developer";
				COPY_PHASE_STRIP = NO;
				DEBUG_INFORMATION_FORMAT = "dwarf-with-dsym";
				ENABLE_NS_ASSERTIONS = NO;
				ENABLE_STRICT_OBJC_MSGSEND = YES;
				GCC_C_LANGUAGE_STANDARD = gnu11;
				GCC_NO_COMMON_BLOCKS = YES;
				GCC_WARN_64_TO_32_BIT_CONVERSION = YES;
				GCC_WARN_ABOUT_RETURN_TYPE = YES_ERROR;
				GCC_WARN_UNDECLARED_SELECTOR = YES;
				GCC_WARN_UNINITIALIZED_AUTOS = YES_AGGRESSIVE;
				GCC_WARN_UNUSED_FUNCTION = YES;
				GCC_WARN_UNUSED_VARIABLE = YES;
				IPHONEOS_DEPLOYMENT_TARGET = 11.2;
				MTL_ENABLE_DEBUG_INFO = NO;
				SDKROOT = iphoneos;
				SWIFT_OPTIMIZATION_LEVEL = "-Owholemodule";
				VALIDATE_PRODUCT = YES;
			};
			name = Release;
		};
		8444455F200EF461006D4B73 /* Debug */ = {
			isa = XCBuildConfiguration;
			baseConfigurationReference = 56D9400DAD848174E11BB088 /* Pods-Classy.debug.xcconfig */;
			buildSettings = {
				ASSETCATALOG_COMPILER_APPICON_NAME = AppIcon;
				CODE_SIGN_STYLE = Automatic;
				DEVELOPMENT_TEAM = M4LV7HBRL7;
				INFOPLIST_FILE = Classy/Info.plist;
				LD_RUNPATH_SEARCH_PATHS = "$(inherited) @executable_path/Frameworks";
				PRODUCT_BUNDLE_IDENTIFIER = kimboss.Classy;
				PRODUCT_NAME = "$(TARGET_NAME)";
				SWIFT_VERSION = 4.0;
				TARGETED_DEVICE_FAMILY = "1,2";
			};
			name = Debug;
		};
		84444560200EF461006D4B73 /* Release */ = {
			isa = XCBuildConfiguration;
			baseConfigurationReference = EF14400426ACF13AAC306E2F /* Pods-Classy.release.xcconfig */;
			buildSettings = {
				ASSETCATALOG_COMPILER_APPICON_NAME = AppIcon;
				CODE_SIGN_STYLE = Automatic;
				DEVELOPMENT_TEAM = M4LV7HBRL7;
				INFOPLIST_FILE = Classy/Info.plist;
				LD_RUNPATH_SEARCH_PATHS = "$(inherited) @executable_path/Frameworks";
				PRODUCT_BUNDLE_IDENTIFIER = kimboss.Classy;
				PRODUCT_NAME = "$(TARGET_NAME)";
				SWIFT_VERSION = 4.0;
				TARGETED_DEVICE_FAMILY = "1,2";
			};
			name = Release;
		};
/* End XCBuildConfiguration section */

/* Begin XCConfigurationList section */
		84444547200EF461006D4B73 /* Build configuration list for PBXProject "Classy" */ = {
			isa = XCConfigurationList;
			buildConfigurations = (
				8444455C200EF461006D4B73 /* Debug */,
				8444455D200EF461006D4B73 /* Release */,
			);
			defaultConfigurationIsVisible = 0;
			defaultConfigurationName = Release;
		};
		8444455E200EF461006D4B73 /* Build configuration list for PBXNativeTarget "Classy" */ = {
			isa = XCConfigurationList;
			buildConfigurations = (
				8444455F200EF461006D4B73 /* Debug */,
				84444560200EF461006D4B73 /* Release */,
			);
			defaultConfigurationIsVisible = 0;
			defaultConfigurationName = Release;
		};
/* End XCConfigurationList section */
	};
	rootObject = 84444544200EF461006D4B73 /* Project object */;
}
